
Microsoft Visual Studio Solution File, Format Version 12.00
# Visual Studio Version 18
VisualStudioVersion = 18.4.11626.88
MinimumVisualStudioVersion = 10.0.40219.1
Project("{FAE04EC0-301F-11D3-BF4B-00C04F79EFBC}") = "CapaEntidad", "CapaEntidad\CapaEntidad.csproj", "{E4FDC1A1-483F-44A0-A328-596D29EB7629}"
EndProject
Project("{FAE04EC0-301F-11D3-BF4B-00C04F79EFBC}") = "CapaNegocio", "CapaNegocio\CapaNegocio.csproj", "{AB813323-9111-40C9-92AF-287DB19FEE91}"
EndProject
Project("{FAE04EC0-301F-11D3-BF4B-00C04F79EFBC}") = "CapaDatos", "CapaDatos\CapaDatos.csproj", "{563F60C8-E2FB-4F83-B355-010B705CD14F}"
EndProject
Project("{FAE04EC0-301F-11D3-BF4B-00C04F79EFBC}") = "OasisShop.Web", "OasisShop.Web\OasisShop.Web.csproj", "{6CE0EE31-CFE2-41A2-9D6E-A784565AADA9}"
EndProject
Project("{FAE04EC0-301F-11D3-BF4B-00C04F79EFBC}") = "PruebasUI", "PruebasUI\PruebasUI.csproj", "{43BFC825-7C1C-4C93-B829-C4C0A08803FF}"
EndProject
Global
	GlobalSection(SolutionConfigurationPlatforms) = preSolution
		Debug|Any CPU = Debug|Any CPU
		Release|Any CPU = Release|Any CPU
	EndGlobalSection
	GlobalSection(ProjectConfigurationPlatforms) = postSolution
		{E4FDC1A1-483F-44A0-A328-596D29EB7629}.Debug|Any CPU.ActiveCfg = Debug|Any CPU
		{E4FDC1A1-483F-44A0-A328-596D29EB7629}.Debug|Any CPU.Build.0 = Debug|Any CPU
		{E4FDC1A1-483F-44A0-A328-596D29EB7629}.Release|Any CPU.ActiveCfg = Release|Any CPU
		{E4FDC1A1-483F-44A0-A328-596D29EB7629}.Release|Any CPU.Build.0 = Release|Any CPU
		{AB813323-9111-40C9-92AF-287DB19FEE91}.Debug|Any CPU.ActiveCfg = Debug|Any CPU
		{AB813323-9111-40C9-92AF-287DB19FEE91}.Debug|Any CPU.Build.0 = Debug|Any CPU
		{AB813323-9111-40C9-92AF-287DB19FEE91}.Release|Any CPU.ActiveCfg = Release|Any CPU
		{AB813323-9111-40C9-92AF-287DB19FEE91}.Release|Any CPU.Build.0 = Release|Any CPU
		{563F60C8-E2FB-4F83-B355-010B705CD14F}.Debug|Any CPU.ActiveCfg = Debug|Any CPU
		{563F60C8-E2FB-4F83-B355-010B705CD14F}.Debug|Any CPU.Build.0 = Debug|Any CPU
		{563F60C8-E2FB-4F83-B355-010B705CD14F}.Release|Any CPU.ActiveCfg = Release|Any CPU
		{563F60C8-E2FB-4F83-B355-010B705CD14F}.Release|Any CPU.Build.0 = Release|Any CPU
		{6CE0EE31-CFE2-41A2-9D6E-A784565AADA9}.Debug|Any CPU.ActiveCfg = Debug|Any CPU
		{6CE0EE31-CFE2-41A2-9D6E-A784565AADA9}.Debug|Any CPU.Build.0 = Debug|Any CPU
		{6CE0EE31-CFE2-41A2-9D6E-A784565AADA9}.Release|Any CPU.ActiveCfg = Release|Any CPU
		{6CE0EE31-CFE2-41A2-9D6E-A784565AADA9}.Release|Any CPU.Build.0 = Release|Any CPU
		{43BFC825-7C1C-4C93-B829-C4C0A08803FF}.Debug|Any CPU.ActiveCfg = Debug|Any CPU
		{43BFC825-7C1C-4C93-B829-C4C0A08803FF}.Debug|Any CPU.Build.0 = Debug|Any CPU
		{43BFC825-7C1C-4C93-B829-C4C0A08803FF}.Release|Any CPU.ActiveCfg = Release|Any CPU
		{43BFC825-7C1C-4C93-B829-C4C0A08803FF}.Release|Any CPU.Build.0 = Release|Any CPU
	EndGlobalSection
	GlobalSection(SolutionProperties) = preSolution
		HideSolutionNode = FALSE
	EndGlobalSection
	GlobalSection(ExtensibilityGlobals) = postSolution
		SolutionGuid = {B23FFC9F-81A9-4963-BD81-3E5407B81989}
	EndGlobalSection
EndGlobal
